<?xml version="1.0" encoding="UTF-8"?>
<CONFIG>
  <ProjectOptions>
    <Version Value="9"/>
    <General>
      <Flags>
        <MainUnitHasCreateFormStatements Value="False"/>
      </Flags>
      <MainUnit Value="0"/>
      <Title Value="tir"/>
      <UseAppBundle Value="False"/>
      <ResourceType Value="res"/>
      <ActiveWindowIndexAtStart Value="0"/>
    </General>
    <i18n>
      <EnableI18N LFM="False"/>
    </i18n>
    <VersionInfo>
      <StringTable ProductVersion=""/>
    </VersionInfo>
    <BuildModes Count="1" Active="Default">
      <Item1 Name="Default" Default="True"/>
    </BuildModes>
    <PublishOptions>
      <Version Value="2"/>
    </PublishOptions>
    <RunParams>
      <local>
        <FormatVersion Value="1"/>
      </local>
    </RunParams>
    <RequiredPackages Count="3">
      <Item1>
        <PackageName Value="SQLDBLaz"/>
      </Item1>
      <Item2>
        <PackageName Value="LazUtils"/>
      </Item2>
      <Item3>
        <PackageName Value="BrookRT"/>
      </Item3>
    </RequiredPackages>
    <Units Count="37">
      <Unit0>
        <Filename Value="tir.lpr"/>
        <IsPartOfProject Value="True"/>
        <EditorIndex Value="0"/>
        <WindowIndex Value="1"/>
        <TopLine Value="1"/>
        <CursorPos X="72" Y="9"/>
        <UsageCount Value="217"/>
        <Loaded Value="True"/>
      </Unit0>
      <Unit1>
        <Filename Value="countries.pas"/>
        <IsPartOfProject Value="True"/>
        <UnitName Value="countries"/>
        <WindowIndex Value="1"/>
        <TopLine Value="59"/>
        <CursorPos X="17" Y="68"/>
        <UsageCount Value="220"/>
      </Unit1>
      <Unit2>
        <Filename Value="brokers.pas"/>
        <IsPartOfProject Value="True"/>
        <UnitName Value="Brokers"/>
        <EditorIndex Value="1"/>
        <WindowIndex Value="1"/>
        <TopLine Value="10"/>
        <CursorPos X="5" Y="9"/>
        <UsageCount Value="220"/>
        <Loaded Value="True"/>
      </Unit2>
      <Unit3>
        <Filename Value="../../fpc/packages/fcl-json/src/fpjson.pp"/>
        <UnitName Value="fpjson"/>
        <WindowIndex Value="1"/>
        <TopLine Value="337"/>
        <CursorPos X="3" Y="335"/>
        <UsageCount Value="29"/>
      </Unit3>
      <Unit4>
        <Filename Value="baseaction.pas"/>
        <IsPartOfProject Value="True"/>
        <WindowIndex Value="1"/>
        <TopLine Value="10"/>
        <CursorPos X="11" Y="19"/>
        <UsageCount Value="220"/>
      </Unit4>
      <Unit5>
        <Filename Value="dmdatabase.pas"/>
        <IsPartOfProject Value="True"/>
        <ComponentName Value="datamodule1"/>
        <HasResources Value="True"/>
        <ResourceBaseClass Value="DataModule"/>
        <UnitName Value="dmdatabase"/>
        <WindowIndex Value="1"/>
        <TopLine Value="87"/>
        <CursorPos X="14" Y="93"/>
        <UsageCount Value="217"/>
      </Unit5>
      <Unit6>
        <Filename Value="session.pas"/>
        <IsPartOfProject Value="True"/>
        <UnitName Value="session"/>
        <WindowIndex Value="1"/>
        <TopLine Value="110"/>
        <CursorPos X="26" Y="119"/>
        <UsageCount Value="220"/>
      </Unit6>
      <Unit7>
        <Filename Value="../../brookframework/core/brookaction.pas"/>
        <UnitName Value="BrookAction"/>
        <EditorIndex Value="3"/>
        <WindowIndex Value="1"/>
        <TopLine Value="59"/>
        <CursorPos X="3" Y="32"/>
        <UsageCount Value="24"/>
        <Loaded Value="True"/>
      </Unit7>
      <Unit8>
        <Filename Value="actlogin.pas"/>
        <IsPartOfProject Value="True"/>
        <WindowIndex Value="1"/>
        <TopLine Value="57"/>
        <CursorPos X="15" Y="67"/>
        <UsageCount Value="203"/>
      </Unit8>
      <Unit9>
        <Filename Value="../../brookframework/brokers/brookfcleventlogbroker.pas"/>
        <UnitName Value="BrookFCLEventLogBroker"/>
        <WindowIndex Value="1"/>
        <TopLine Value="3"/>
        <CursorPos X="1" Y="1"/>
        <UsageCount Value="31"/>
      </Unit9>
      <Unit10>
        <Filename Value="actturno.pas"/>
        <IsPartOfProject Value="True"/>
        <UnitName Value="actturno"/>
        <WindowIndex Value="1"/>
        <TopLine Value="7"/>
        <CursorPos X="21" Y="20"/>
        <UsageCount Value="215"/>
      </Unit10>
      <Unit11>
        <Filename Value="../../fpc/packages/fcl-db/src/sqldb/sqldb.pp"/>
        <UnitName Value="sqldb"/>
        <WindowIndex Value="1"/>
        <UsageCount Value="124"/>
        <Loaded Value="True"/>
      </Unit11>
      <Unit12>
        <Filename Value="actturnos.pas"/>
        <IsPartOfProject Value="True"/>
        <UnitName Value="actturnos"/>
        <WindowIndex Value="1"/>
        <TopLine Value="6"/>
        <CursorPos X="13" Y="11"/>
        <UsageCount Value="210"/>
      </Unit12>
      <Unit13>
        <Filename Value="actprint.pas"/>
        <IsPartOfProject Value="True"/>
        <UnitName Value="actprint"/>
        <WindowIndex Value="1"/>
        <TopLine Value="41"/>
        <CursorPos X="61" Y="53"/>
        <UsageCount Value="204"/>
      </Unit13>
      <Unit14>
        <Filename Value="actuserdata.pas"/>
        <IsPartOfProject Value="True"/>
        <WindowIndex Value="1"/>
        <TopLine Value="37"/>
        <CursorPos X="9" Y="64"/>
        <UsageCount Value="204"/>
      </Unit14>
      <Unit15>
        <Filename Value="study.pas"/>
        <IsPartOfProject Value="True"/>
        <UnitName Value="study"/>
        <WindowIndex Value="1"/>
        <TopLine Value="44"/>
        <CursorPos X="60" Y="60"/>
        <UsageCount Value="203"/>
      </Unit15>
      <Unit16>
        <Filename Value="acttemplates.pas"/>
        <IsPartOfProject Value="True"/>
        <UnitName Value="acttemplates"/>
        <WindowIndex Value="1"/>
        <TopLine Value="93"/>
        <CursorPos X="1" Y="110"/>
        <UsageCount Value="181"/>
      </Unit16>
      <Unit17>
        <Filename Value="template.pas"/>
        <IsPartOfProject Value="True"/>
        <UnitName Value="template"/>
        <WindowIndex Value="1"/>
        <TopLine Value="1"/>
        <CursorPos X="3" Y="27"/>
        <UsageCount Value="154"/>
      </Unit17>
      <Unit18>
        <Filename Value="acttemplate.pas"/>
        <IsPartOfProject Value="True"/>
        <UnitName Value="acttemplate"/>
        <WindowIndex Value="1"/>
        <TopLine Value="116"/>
        <CursorPos X="1" Y="119"/>
        <UsageCount Value="153"/>
      </Unit18>
      <Unit19>
        <Filename Value="actpatients.pas"/>
        <IsPartOfProject Value="True"/>
        <UnitName Value="actpatients"/>
        <WindowIndex Value="1"/>
        <TopLine Value="10"/>
        <CursorPos X="54" Y="19"/>
        <UsageCount Value="155"/>
      </Unit19>
      <Unit20>
        <Filename Value="actaudio.pas"/>
        <IsPartOfProject Value="True"/>
        <UnitName Value="actaudio"/>
        <IsVisibleTab Value="True"/>
        <EditorIndex Value="2"/>
        <WindowIndex Value="1"/>
        <TopLine Value="21"/>
        <CursorPos X="48" Y="29"/>
        <UsageCount Value="133"/>
        <Loaded Value="True"/>
      </Unit20>
      <Unit21>
        <Filename Value="../../fpc/packages/fcl-web/src/base/httpdefs.pp"/>
        <UnitName Value="HTTPDefs"/>
        <WindowIndex Value="1"/>
        <TopLine Value="1522"/>
        <CursorPos X="1" Y="1534"/>
        <UsageCount Value="34"/>
      </Unit21>
      <Unit22>
        <Filename Value="../../brookframework/core/brooklogger.pas"/>
        <UnitName Value="BrookLogger"/>
        <WindowIndex Value="1"/>
        <TopLine Value="1"/>
        <CursorPos X="1" Y="1"/>
        <UsageCount Value="31"/>
      </Unit22>
      <Unit23>
        <Filename Value="patient.pas"/>
        <UnitName Value="patient"/>
        <WindowIndex Value="1"/>
        <TopLine Value="1"/>
        <CursorPos X="1" Y="1"/>
        <UsageCount Value="30"/>
      </Unit23>
      <Unit24>
        <Filename Value="user.pas"/>
        <IsPartOfProject Value="True"/>
        <UnitName Value="user"/>
        <WindowIndex Value="1"/>
        <TopLine Value="1"/>
        <CursorPos X="1" Y="1"/>
        <UsageCount Value="129"/>
      </Unit24>
      <Unit25>
        <Filename Value="actusers.pas"/>
        <IsPartOfProject Value="True"/>
        <UnitName Value="actusers"/>
        <WindowIndex Value="1"/>
        <TopLine Value="95"/>
        <CursorPos X="37" Y="95"/>
        <UsageCount Value="129"/>
      </Unit25>
      <Unit26>
        <Filename Value="actassignto.pas"/>
        <IsPartOfProject Value="True"/>
        <UnitName Value="actassignto"/>
        <WindowIndex Value="1"/>
        <TopLine Value="30"/>
        <CursorPos X="57" Y="40"/>
        <UsageCount Value="128"/>
      </Unit26>
      <Unit27>
        <Filename Value="actstatuses.pas"/>
        <IsPartOfProject Value="True"/>
        <UnitName Value="actstatuses"/>
        <WindowIndex Value="1"/>
        <TopLine Value="75"/>
        <CursorPos X="48" Y="83"/>
        <UsageCount Value="124"/>
      </Unit27>
      <Unit28>
        <Filename Value="status.pas"/>
        <IsPartOfProject Value="True"/>
        <UnitName Value="status"/>
        <WindowIndex Value="1"/>
        <TopLine Value="10"/>
        <CursorPos X="51" Y="28"/>
        <UsageCount Value="124"/>
      </Unit28>
      <Unit29>
        <Filename Value="actchangestatus.pas"/>
        <IsPartOfProject Value="True"/>
        <UnitName Value="actchangestatus"/>
        <WindowIndex Value="1"/>
        <TopLine Value="9"/>
        <CursorPos X="50" Y="14"/>
        <UsageCount Value="116"/>
      </Unit29>
      <Unit30>
        <Filename Value="../../brookframework/core/brookhttpdefs.pas"/>
        <UnitName Value="BrookHttpDefs"/>
        <EditorIndex Value="5"/>
        <WindowIndex Value="1"/>
        <TopLine Value="17"/>
        <CursorPos X="16" Y="25"/>
        <UsageCount Value="23"/>
        <Loaded Value="True"/>
      </Unit30>
      <Unit31>
        <Filename Value="../../brookframework/brokers/brookfclcgibroker.pas"/>
        <UnitName Value="BrookFCLCGIBroker"/>
        <WindowIndex Value="1"/>
        <TopLine Value="151"/>
        <CursorPos X="51" Y="156"/>
        <UsageCount Value="8"/>
      </Unit31>
      <Unit32>
        <Filename Value="../../fpc/packages/fcl-web/src/base/custcgi.pp"/>
        <UnitName Value="custcgi"/>
        <WindowIndex Value="1"/>
        <TopLine Value="23"/>
        <CursorPos X="3" Y="32"/>
        <UsageCount Value="8"/>
      </Unit32>
      <Unit33>
        <Filename Value="../../brookframework/core/brookclasses.pas"/>
        <UnitName Value="BrookClasses"/>
        <EditorIndex Value="4"/>
        <WindowIndex Value="1"/>
        <TopLine Value="31"/>
        <CursorPos X="3" Y="40"/>
        <UsageCount Value="22"/>
        <Loaded Value="True"/>
      </Unit33>
      <Unit34>
        <Filename Value="../../brookframework/brokers/brookfclhttpappbroker.pas"/>
        <UnitName Value="BrookFCLHttpAppBroker"/>
        <WindowIndex Value="1"/>
        <TopLine Value="196"/>
        <CursorPos X="1" Y="205"/>
        <UsageCount Value="9"/>
      </Unit34>
      <Unit35>
        <Filename Value="../../fpc/packages/fcl-web/src/base/fphttpserver.pp"/>
        <UnitName Value="fphttpserver"/>
        <WindowIndex Value="1"/>
        <TopLine Value="259"/>
        <CursorPos X="1" Y="268"/>
        <UsageCount Value="9"/>
      </Unit35>
      <Unit36>
        <Filename Value="selfDebug.pas"/>
        <UnitName Value="SelfDebug"/>
        <WindowIndex Value="1"/>
        <TopLine Value="33"/>
        <CursorPos X="11" Y="34"/>
        <UsageCount Value="19"/>
      </Unit36>
    </Units>
    <JumpHistory Count="2" HistoryIndex="1">
      <Position1>
        <Filename Value="tir.lpr"/>
        <Caret Line="9" Column="73" TopLine="1"/>
      </Position1>
      <Position2>
        <Filename Value="actaudio.pas"/>
        <Caret Line="29" Column="46" TopLine="6"/>
      </Position2>
    </JumpHistory>
  </ProjectOptions>
  <CompilerOptions>
    <Version Value="11"/>
    <Target>
      <Filename Value="tir" ApplyConventions="False"/>
    </Target>
    <SearchPaths>
      <IncludeFiles Value="$(ProjOutDir)"/>
      <OtherUnitFiles Value="../../fpc/packages/fcl-web/units/x86_64-linux"/>
    </SearchPaths>
    <Linking>
      <Debugging>
        <StripSymbols Value="True"/>
      </Debugging>
    </Linking>
    <Other>
      <CompilerPath Value="$(CompPath)"/>
    </Other>
  </CompilerOptions>
  <Debugging>
    <BreakPoints Count="2">
      <Item1>
        <Kind Value="bpkSource"/>
        <WatchScope Value="wpsLocal"/>
        <WatchKind Value="wpkWrite"/>
        <Source Value="../../fpc/packages/fcl-web/src/base/httpdefs.pp"/>
        <Line Value="1502"/>
      </Item1>
      <Item2>
        <Kind Value="bpkSource"/>
        <WatchScope Value="wpsLocal"/>
        <WatchKind Value="wpkWrite"/>
        <Source Value="../../fpc/packages/fcl-web/src/base/httpdefs.pp"/>
        <Line Value="1113"/>
      </Item2>
    </BreakPoints>
    <Exceptions Count="3">
      <Item1>
        <Name Value="EAbort"/>
      </Item1>
      <Item2>
        <Name Value="ECodetoolError"/>
      </Item2>
      <Item3>
        <Name Value="EFOpenError"/>
      </Item3>
    </Exceptions>
  </Debugging>
  <EditorMacros Count="0"/>
</CONFIG>
