<?xml version="1.0" encoding="UTF-8"?>
<CONFIG>
  <ProjectOptions>
    <Version Value="9"/>
    <General>
      <Flags>
        <MainUnitHasCreateFormStatements Value="False"/>
      </Flags>
      <MainUnit Value="0"/>
      <Title Value="tir"/>
      <UseAppBundle Value="False"/>
      <ResourceType Value="res"/>
      <ActiveWindowIndexAtStart Value="0"/>
    </General>
    <i18n>
      <EnableI18N LFM="False"/>
    </i18n>
    <VersionInfo>
      <StringTable ProductVersion=""/>
    </VersionInfo>
    <BuildModes Count="1" Active="Default">
      <Item1 Name="Default" Default="True"/>
    </BuildModes>
    <PublishOptions>
      <Version Value="2"/>
    </PublishOptions>
    <RunParams>
      <local>
        <FormatVersion Value="1"/>
      </local>
    </RunParams>
    <RequiredPackages Count="3">
      <Item1>
        <PackageName Value="SQLDBLaz"/>
      </Item1>
      <Item2>
        <PackageName Value="LazUtils"/>
      </Item2>
      <Item3>
        <PackageName Value="BrookRT"/>
      </Item3>
    </RequiredPackages>
    <Units Count="32">
      <Unit0>
        <Filename Value="tir.lpr"/>
        <IsPartOfProject Value="True"/>
        <EditorIndex Value="0"/>
        <WindowIndex Value="1"/>
        <TopLine Value="1"/>
        <CursorPos X="49" Y="9"/>
        <UsageCount Value="217"/>
        <Loaded Value="True"/>
      </Unit0>
      <Unit1>
        <Filename Value="countries.pas"/>
        <IsPartOfProject Value="True"/>
        <UnitName Value="countries"/>
        <WindowIndex Value="1"/>
        <TopLine Value="59"/>
        <CursorPos X="17" Y="68"/>
        <UsageCount Value="220"/>
      </Unit1>
      <Unit2>
        <Filename Value="brokers.pas"/>
        <IsPartOfProject Value="True"/>
        <UnitName Value="Brokers"/>
        <EditorIndex Value="1"/>
        <WindowIndex Value="1"/>
        <TopLine Value="5"/>
        <CursorPos X="39" Y="20"/>
        <UsageCount Value="220"/>
        <Loaded Value="True"/>
      </Unit2>
      <Unit3>
        <Filename Value="../../fpc/packages/fcl-json/src/fpjson.pp"/>
        <UnitName Value="fpjson"/>
        <WindowIndex Value="1"/>
        <TopLine Value="337"/>
        <CursorPos X="3" Y="335"/>
        <UsageCount Value="31"/>
      </Unit3>
      <Unit4>
        <Filename Value="baseaction.pas"/>
        <IsPartOfProject Value="True"/>
        <WindowIndex Value="1"/>
        <TopLine Value="10"/>
        <CursorPos X="11" Y="19"/>
        <UsageCount Value="220"/>
      </Unit4>
      <Unit5>
        <Filename Value="dmdatabase.pas"/>
        <IsPartOfProject Value="True"/>
        <ComponentName Value="datamodule1"/>
        <HasResources Value="True"/>
        <ResourceBaseClass Value="DataModule"/>
        <UnitName Value="dmdatabase"/>
        <WindowIndex Value="1"/>
        <TopLine Value="87"/>
        <CursorPos X="14" Y="93"/>
        <UsageCount Value="217"/>
      </Unit5>
      <Unit6>
        <Filename Value="session.pas"/>
        <IsPartOfProject Value="True"/>
        <UnitName Value="session"/>
        <WindowIndex Value="1"/>
        <TopLine Value="110"/>
        <CursorPos X="26" Y="119"/>
        <UsageCount Value="220"/>
      </Unit6>
      <Unit7>
        <Filename Value="../../brookframework/core/brookaction.pas"/>
        <UnitName Value="BrookAction"/>
        <EditorIndex Value="3"/>
        <WindowIndex Value="1"/>
        <TopLine Value="283"/>
        <CursorPos X="14" Y="290"/>
        <UsageCount Value="12"/>
        <Loaded Value="True"/>
      </Unit7>
      <Unit8>
        <Filename Value="actlogin.pas"/>
        <IsPartOfProject Value="True"/>
        <WindowIndex Value="1"/>
        <TopLine Value="57"/>
        <CursorPos X="15" Y="67"/>
        <UsageCount Value="203"/>
      </Unit8>
      <Unit9>
        <Filename Value="../../brookframework/brokers/brookfcleventlogbroker.pas"/>
        <UnitName Value="BrookFCLEventLogBroker"/>
        <WindowIndex Value="1"/>
        <TopLine Value="3"/>
        <CursorPos X="1" Y="1"/>
        <UsageCount Value="33"/>
      </Unit9>
      <Unit10>
        <Filename Value="../../brookframework/test/testbrooklogger.pas"/>
        <WindowIndex Value="1"/>
        <CursorPos X="3" Y="184"/>
        <UsageCount Value="1"/>
      </Unit10>
      <Unit11>
        <Filename Value="actturno.pas"/>
        <IsPartOfProject Value="True"/>
        <UnitName Value="actturno"/>
        <WindowIndex Value="1"/>
        <TopLine Value="7"/>
        <CursorPos X="21" Y="20"/>
        <UsageCount Value="215"/>
      </Unit11>
      <Unit12>
        <Filename Value="../../fpc/packages/fcl-db/src/sqldb/sqldb.pp"/>
        <UnitName Value="sqldb"/>
        <WindowIndex Value="1"/>
        <UsageCount Value="124"/>
        <Loaded Value="True"/>
      </Unit12>
      <Unit13>
        <Filename Value="actturnos.pas"/>
        <IsPartOfProject Value="True"/>
        <UnitName Value="actturnos"/>
        <WindowIndex Value="1"/>
        <TopLine Value="6"/>
        <CursorPos X="13" Y="11"/>
        <UsageCount Value="210"/>
      </Unit13>
      <Unit14>
        <Filename Value="actprint.pas"/>
        <IsPartOfProject Value="True"/>
        <UnitName Value="actprint"/>
        <WindowIndex Value="1"/>
        <TopLine Value="41"/>
        <CursorPos X="61" Y="53"/>
        <UsageCount Value="204"/>
      </Unit14>
      <Unit15>
        <Filename Value="actuserdata.pas"/>
        <IsPartOfProject Value="True"/>
        <WindowIndex Value="1"/>
        <TopLine Value="37"/>
        <CursorPos X="9" Y="64"/>
        <UsageCount Value="204"/>
      </Unit15>
      <Unit16>
        <Filename Value="study.pas"/>
        <IsPartOfProject Value="True"/>
        <UnitName Value="study"/>
        <WindowIndex Value="1"/>
        <TopLine Value="44"/>
        <CursorPos X="60" Y="60"/>
        <UsageCount Value="203"/>
      </Unit16>
      <Unit17>
        <Filename Value="acttemplates.pas"/>
        <IsPartOfProject Value="True"/>
        <UnitName Value="acttemplates"/>
        <WindowIndex Value="1"/>
        <TopLine Value="93"/>
        <CursorPos X="1" Y="110"/>
        <UsageCount Value="156"/>
      </Unit17>
      <Unit18>
        <Filename Value="template.pas"/>
        <IsPartOfProject Value="True"/>
        <UnitName Value="template"/>
        <WindowIndex Value="1"/>
        <TopLine Value="1"/>
        <CursorPos X="3" Y="27"/>
        <UsageCount Value="129"/>
      </Unit18>
      <Unit19>
        <Filename Value="acttemplate.pas"/>
        <IsPartOfProject Value="True"/>
        <UnitName Value="acttemplate"/>
        <WindowIndex Value="1"/>
        <TopLine Value="116"/>
        <CursorPos X="1" Y="119"/>
        <UsageCount Value="128"/>
      </Unit19>
      <Unit20>
        <Filename Value="actpatients.pas"/>
        <IsPartOfProject Value="True"/>
        <UnitName Value="actpatients"/>
        <WindowIndex Value="1"/>
        <TopLine Value="10"/>
        <CursorPos X="54" Y="19"/>
        <UsageCount Value="130"/>
      </Unit20>
      <Unit21>
        <Filename Value="actaudio.pas"/>
        <IsPartOfProject Value="True"/>
        <UnitName Value="actaudio"/>
        <IsVisibleTab Value="True"/>
        <EditorIndex Value="2"/>
        <WindowIndex Value="1"/>
        <TopLine Value="13"/>
        <CursorPos X="24" Y="31"/>
        <UsageCount Value="108"/>
        <Loaded Value="True"/>
      </Unit21>
      <Unit22>
        <Filename Value="../../fpc/packages/fcl-web/src/base/httpdefs.pp"/>
        <UnitName Value="HTTPDefs"/>
        <EditorIndex Value="5"/>
        <WindowIndex Value="1"/>
        <TopLine Value="331"/>
        <CursorPos X="14" Y="339"/>
        <UsageCount Value="35"/>
        <Loaded Value="True"/>
      </Unit22>
      <Unit23>
        <Filename Value="../../brookframework/core/brooklogger.pas"/>
        <UnitName Value="BrookLogger"/>
        <WindowIndex Value="1"/>
        <TopLine Value="1"/>
        <CursorPos X="1" Y="1"/>
        <UsageCount Value="33"/>
      </Unit23>
      <Unit24>
        <Filename Value="patient.pas"/>
        <UnitName Value="patient"/>
        <WindowIndex Value="1"/>
        <TopLine Value="1"/>
        <CursorPos X="1" Y="1"/>
        <UsageCount Value="32"/>
      </Unit24>
      <Unit25>
        <Filename Value="user.pas"/>
        <IsPartOfProject Value="True"/>
        <UnitName Value="user"/>
        <WindowIndex Value="1"/>
        <TopLine Value="1"/>
        <CursorPos X="1" Y="1"/>
        <UsageCount Value="104"/>
      </Unit25>
      <Unit26>
        <Filename Value="actusers.pas"/>
        <IsPartOfProject Value="True"/>
        <UnitName Value="actusers"/>
        <WindowIndex Value="1"/>
        <TopLine Value="95"/>
        <CursorPos X="37" Y="95"/>
        <UsageCount Value="104"/>
      </Unit26>
      <Unit27>
        <Filename Value="actassignto.pas"/>
        <IsPartOfProject Value="True"/>
        <UnitName Value="actassignto"/>
        <WindowIndex Value="1"/>
        <TopLine Value="30"/>
        <CursorPos X="57" Y="40"/>
        <UsageCount Value="103"/>
      </Unit27>
      <Unit28>
        <Filename Value="actstatuses.pas"/>
        <IsPartOfProject Value="True"/>
        <UnitName Value="actstatuses"/>
        <WindowIndex Value="1"/>
        <TopLine Value="75"/>
        <CursorPos X="48" Y="83"/>
        <UsageCount Value="99"/>
      </Unit28>
      <Unit29>
        <Filename Value="status.pas"/>
        <IsPartOfProject Value="True"/>
        <UnitName Value="status"/>
        <WindowIndex Value="1"/>
        <TopLine Value="10"/>
        <CursorPos X="51" Y="28"/>
        <UsageCount Value="99"/>
      </Unit29>
      <Unit30>
        <Filename Value="actchangestatus.pas"/>
        <IsPartOfProject Value="True"/>
        <UnitName Value="actchangestatus"/>
        <WindowIndex Value="1"/>
        <TopLine Value="9"/>
        <CursorPos X="50" Y="14"/>
        <UsageCount Value="91"/>
      </Unit30>
      <Unit31>
        <Filename Value="../../brookframework/core/brookhttpdefs.pas"/>
        <UnitName Value="BrookHttpDefs"/>
        <EditorIndex Value="4"/>
        <WindowIndex Value="1"/>
        <TopLine Value="18"/>
        <CursorPos X="22" Y="34"/>
        <UsageCount Value="11"/>
        <Loaded Value="True"/>
      </Unit31>
    </Units>
    <JumpHistory Count="23" HistoryIndex="22">
      <Position1>
        <Filename Value="tir.lpr"/>
        <Caret Line="9" Column="3" TopLine="1"/>
      </Position1>
      <Position2>
        <Filename Value="actaudio.pas"/>
        <Caret Line="22" Column="44" TopLine="12"/>
      </Position2>
      <Position3>
        <Filename Value="../../brookframework/core/brookaction.pas"/>
        <Caret Line="280" Column="52" TopLine="273"/>
      </Position3>
      <Position4>
        <Filename Value="../../brookframework/core/brookaction.pas"/>
        <Caret Line="338" Column="9" TopLine="322"/>
      </Position4>
      <Position5>
        <Filename Value="../../fpc/packages/fcl-web/src/base/httpdefs.pp"/>
        <Caret Line="396" Column="15" TopLine="388"/>
      </Position5>
      <Position6>
        <Filename Value="actaudio.pas"/>
        <Caret Line="23" Column="30" TopLine="13"/>
      </Position6>
      <Position7>
        <Filename Value="../../brookframework/core/brookaction.pas"/>
        <Caret Line="290" Column="14" TopLine="283"/>
      </Position7>
      <Position8>
        <Filename Value="../../brookframework/core/brookhttpdefs.pas"/>
        <Caret Line="25" Column="3" TopLine="17"/>
      </Position8>
      <Position9>
        <Filename Value="../../brookframework/core/brookhttpdefs.pas"/>
        <Caret Line="34" Column="22" TopLine="18"/>
      </Position9>
      <Position10>
        <Filename Value="../../fpc/packages/fcl-web/src/base/httpdefs.pp"/>
        <Caret Line="192" Column="17" TopLine="188"/>
      </Position10>
      <Position11>
        <Filename Value="../../fpc/packages/fcl-web/src/base/httpdefs.pp"/>
        <Caret Line="199" Column="38" TopLine="188"/>
      </Position11>
      <Position12>
        <Filename Value="../../fpc/packages/fcl-web/src/base/httpdefs.pp"/>
        <Caret Line="206" Column="19" TopLine="190"/>
      </Position12>
      <Position13>
        <Filename Value="../../fpc/packages/fcl-web/src/base/httpdefs.pp"/>
        <Caret Line="208" Column="48" TopLine="192"/>
      </Position13>
      <Position14>
        <Filename Value="../../fpc/packages/fcl-web/src/base/httpdefs.pp"/>
        <Caret Line="229" Column="50" TopLine="222"/>
      </Position14>
      <Position15>
        <Filename Value="../../fpc/packages/fcl-web/src/base/httpdefs.pp"/>
        <Caret Line="222" Column="14" TopLine="212"/>
      </Position15>
      <Position16>
        <Filename Value="../../fpc/packages/fcl-web/src/base/httpdefs.pp"/>
        <Caret Line="242" Column="55" TopLine="235"/>
      </Position16>
      <Position17>
        <Filename Value="../../fpc/packages/fcl-web/src/base/httpdefs.pp"/>
        <Caret Line="356" Column="28" TopLine="351"/>
      </Position17>
      <Position18>
        <Filename Value="../../fpc/packages/fcl-web/src/base/httpdefs.pp"/>
        <Caret Line="1221" Column="3" TopLine="1369"/>
      </Position18>
      <Position19>
        <Filename Value="../../fpc/packages/fcl-web/src/base/httpdefs.pp"/>
        <Caret Line="1603" Column="36" TopLine="1595"/>
      </Position19>
      <Position20>
        <Filename Value="../../fpc/packages/fcl-web/src/base/httpdefs.pp"/>
        <Caret Line="1615" Column="52" TopLine="1599"/>
      </Position20>
      <Position21>
        <Filename Value="../../fpc/packages/fcl-web/src/base/httpdefs.pp"/>
        <Caret Line="1643" Column="52" TopLine="1628"/>
      </Position21>
      <Position22>
        <Filename Value="../../fpc/packages/fcl-web/src/base/httpdefs.pp"/>
        <Caret Line="373" Column="31" TopLine="362"/>
      </Position22>
      <Position23>
        <Filename Value="../../fpc/packages/fcl-web/src/base/httpdefs.pp"/>
        <Caret Line="1566" Column="18" TopLine="1561"/>
      </Position23>
    </JumpHistory>
  </ProjectOptions>
  <CompilerOptions>
    <Version Value="11"/>
    <Target>
      <Filename Value="tir" ApplyConventions="False"/>
    </Target>
    <SearchPaths>
      <IncludeFiles Value="$(ProjOutDir)"/>
    </SearchPaths>
    <Linking>
      <Debugging>
        <GenerateDebugInfo Value="False"/>
        <StripSymbols Value="True"/>
      </Debugging>
    </Linking>
    <Other>
      <CompilerPath Value="$(CompPath)"/>
    </Other>
  </CompilerOptions>
  <Debugging>
    <Exceptions Count="3">
      <Item1>
        <Name Value="EAbort"/>
      </Item1>
      <Item2>
        <Name Value="ECodetoolError"/>
      </Item2>
      <Item3>
        <Name Value="EFOpenError"/>
      </Item3>
    </Exceptions>
  </Debugging>
  <EditorMacros Count="0"/>
</CONFIG>
