<?xml version="1.0" encoding="UTF-8"?>
<CONFIG>
  <ProjectOptions>
    <Version Value="9"/>
    <General>
      <Flags>
        <MainUnitHasCreateFormStatements Value="False"/>
      </Flags>
      <MainUnit Value="0"/>
      <Title Value="tir"/>
      <UseAppBundle Value="False"/>
      <ResourceType Value="res"/>
      <ActiveWindowIndexAtStart Value="0"/>
    </General>
    <i18n>
      <EnableI18N LFM="False"/>
    </i18n>
    <VersionInfo>
      <StringTable ProductVersion=""/>
    </VersionInfo>
    <BuildModes Count="1" Active="Default">
      <Item1 Name="Default" Default="True"/>
    </BuildModes>
    <PublishOptions>
      <Version Value="2"/>
    </PublishOptions>
    <RunParams>
      <local>
        <FormatVersion Value="1"/>
      </local>
    </RunParams>
    <RequiredPackages Count="3">
      <Item1>
        <PackageName Value="SQLDBLaz"/>
      </Item1>
      <Item2>
        <PackageName Value="LazUtils"/>
      </Item2>
      <Item3>
        <PackageName Value="BrookRT"/>
      </Item3>
    </RequiredPackages>
    <Units Count="31">
      <Unit0>
        <Filename Value="tir.lpr"/>
        <IsPartOfProject Value="True"/>
        <EditorIndex Value="0"/>
        <WindowIndex Value="1"/>
        <TopLine Value="1"/>
        <CursorPos X="36" Y="11"/>
        <UsageCount Value="165"/>
        <Loaded Value="True"/>
      </Unit0>
      <Unit1>
        <Filename Value="countries.pas"/>
        <IsPartOfProject Value="True"/>
        <UnitName Value="countries"/>
        <EditorIndex Value="11"/>
        <WindowIndex Value="1"/>
        <TopLine Value="59"/>
        <CursorPos X="17" Y="68"/>
        <UsageCount Value="168"/>
        <Loaded Value="True"/>
      </Unit1>
      <Unit2>
        <Filename Value="brokers.pas"/>
        <IsPartOfProject Value="True"/>
        <UnitName Value="Brokers"/>
        <EditorIndex Value="8"/>
        <WindowIndex Value="1"/>
        <TopLine Value="1"/>
        <CursorPos X="45" Y="20"/>
        <UsageCount Value="168"/>
        <Loaded Value="True"/>
      </Unit2>
      <Unit3>
        <Filename Value="../../fpc/packages/fcl-json/src/fpjson.pp"/>
        <WindowIndex Value="1"/>
        <TopLine Value="11"/>
        <CursorPos X="11" Y="22"/>
        <UsageCount Value="10"/>
      </Unit3>
      <Unit4>
        <Filename Value="baseaction.pas"/>
        <IsPartOfProject Value="True"/>
        <UnitName Value="baseaction"/>
        <EditorIndex Value="10"/>
        <WindowIndex Value="1"/>
        <TopLine Value="50"/>
        <CursorPos X="24" Y="58"/>
        <UsageCount Value="168"/>
        <Loaded Value="True"/>
      </Unit4>
      <Unit5>
        <Filename Value="dmdatabase.lfm"/>
        <WindowIndex Value="1"/>
        <UsageCount Value="7"/>
        <DefaultSyntaxHighlighter Value="LFM"/>
      </Unit5>
      <Unit6>
        <Filename Value="dmdatabase.pas"/>
        <IsPartOfProject Value="True"/>
        <ComponentName Value="datamodule1"/>
        <HasResources Value="True"/>
        <ResourceBaseClass Value="DataModule"/>
        <UnitName Value="dmdatabase"/>
        <EditorIndex Value="6"/>
        <WindowIndex Value="1"/>
        <TopLine Value="53"/>
        <CursorPos X="7" Y="61"/>
        <UsageCount Value="165"/>
        <Loaded Value="True"/>
        <LoadedDesigner Value="True"/>
      </Unit6>
      <Unit7>
        <Filename Value="session.pas"/>
        <IsPartOfProject Value="True"/>
        <UnitName Value="session"/>
        <EditorIndex Value="1"/>
        <WindowIndex Value="1"/>
        <TopLine Value="110"/>
        <CursorPos X="26" Y="119"/>
        <UsageCount Value="168"/>
        <Loaded Value="True"/>
      </Unit7>
      <Unit8>
        <Filename Value="../../lazarus/lcl/interfaces/win32/win32wsdialogs.pp"/>
        <WindowIndex Value="1"/>
        <TopLine Value="18"/>
        <CursorPos X="51" Y="31"/>
        <UsageCount Value="6"/>
      </Unit8>
      <Unit9>
        <Filename Value="../../brookframework/core/brookaction.pas"/>
        <UnitName Value="BrookAction"/>
        <EditorIndex Value="13"/>
        <WindowIndex Value="1"/>
        <TopLine Value="283"/>
        <CursorPos X="3" Y="32"/>
        <UsageCount Value="11"/>
        <Loaded Value="True"/>
      </Unit9>
      <Unit10>
        <Filename Value="../../brookframework/core/brookrouter.pas"/>
        <WindowIndex Value="1"/>
        <TopLine Value="719"/>
        <CursorPos Y="733"/>
        <UsageCount Value="6"/>
      </Unit10>
      <Unit11>
        <Filename Value="actlogin.pas"/>
        <IsPartOfProject Value="True"/>
        <UnitName Value="actLogin"/>
        <EditorIndex Value="12"/>
        <WindowIndex Value="1"/>
        <TopLine Value="57"/>
        <CursorPos X="15" Y="67"/>
        <UsageCount Value="151"/>
        <Loaded Value="True"/>
      </Unit11>
      <Unit12>
        <Filename Value="../../brookframework/brokers/brookfclhttpappbroker.pas"/>
        <WindowIndex Value="1"/>
        <TopLine Value="98"/>
        <CursorPos X="19" Y="118"/>
        <UsageCount Value="7"/>
      </Unit12>
      <Unit13>
        <Filename Value="../../brookframework/core/brookutils.pas"/>
        <WindowIndex Value="1"/>
        <TopLine Value="65"/>
        <CursorPos X="12" Y="77"/>
        <UsageCount Value="7"/>
      </Unit13>
      <Unit14>
        <Filename Value="../../brookframework/core/brookconsts.pas"/>
        <WindowIndex Value="1"/>
        <TopLine Value="10"/>
        <CursorPos X="3" Y="22"/>
        <UsageCount Value="7"/>
      </Unit14>
      <Unit15>
        <Filename Value="../../brookframework/brokers/brookfcleventlogbroker.pas"/>
        <UnitName Value="BrookFCLEventLogBroker"/>
        <EditorIndex Value="9"/>
        <WindowIndex Value="1"/>
        <TopLine Value="3"/>
        <CursorPos X="1" Y="1"/>
        <UsageCount Value="11"/>
        <Loaded Value="True"/>
      </Unit15>
      <Unit16>
        <Filename Value="../../brookframework/test/testbrooklogger.pas"/>
        <WindowIndex Value="1"/>
        <CursorPos X="3" Y="184"/>
        <UsageCount Value="9"/>
      </Unit16>
      <Unit17>
        <Filename Value="actturno.pas"/>
        <IsPartOfProject Value="True"/>
        <UnitName Value="actturno"/>
        <EditorIndex Value="2"/>
        <WindowIndex Value="1"/>
        <TopLine Value="9"/>
        <CursorPos X="63" Y="90"/>
        <UsageCount Value="134"/>
        <Loaded Value="True"/>
      </Unit17>
      <Unit18>
        <Filename Value="../../fpc/packages/fcl-db/src/sqldb/sqldb.pp"/>
        <UnitName Value="sqldb"/>
        <WindowIndex Value="1"/>
        <UsageCount Value="124"/>
        <Loaded Value="True"/>
      </Unit18>
      <Unit19>
        <Filename Value="actturnos.pas"/>
        <IsPartOfProject Value="True"/>
        <UnitName Value="actturnos"/>
        <IsVisibleTab Value="True"/>
        <EditorIndex Value="3"/>
        <WindowIndex Value="1"/>
        <TopLine Value="50"/>
        <CursorPos X="71" Y="65"/>
        <UsageCount Value="130"/>
        <Loaded Value="True"/>
      </Unit19>
      <Unit20>
        <Filename Value="../../fpc/packages/fcl-json/src/fpjsonrtti.pp"/>
        <WindowIndex Value="1"/>
        <TopLine Value="28"/>
        <CursorPos X="16" Y="36"/>
        <UsageCount Value="1"/>
      </Unit20>
      <Unit21>
        <Filename Value="actprint.pas"/>
        <IsPartOfProject Value="True"/>
        <UnitName Value="actprint"/>
        <EditorIndex Value="14"/>
        <WindowIndex Value="1"/>
        <TopLine Value="37"/>
        <CursorPos X="5" Y="52"/>
        <UsageCount Value="123"/>
        <Loaded Value="True"/>
      </Unit21>
      <Unit22>
        <Filename Value="actuserdata.pas"/>
        <IsPartOfProject Value="True"/>
        <UnitName Value="actuserdata"/>
        <EditorIndex Value="15"/>
        <WindowIndex Value="1"/>
        <TopLine Value="53"/>
        <CursorPos X="9" Y="64"/>
        <UsageCount Value="123"/>
        <Loaded Value="True"/>
      </Unit22>
      <Unit23>
        <Filename Value="study.pas"/>
        <IsPartOfProject Value="True"/>
        <UnitName Value="study"/>
        <EditorIndex Value="16"/>
        <WindowIndex Value="1"/>
        <TopLine Value="41"/>
        <CursorPos X="70" Y="52"/>
        <UsageCount Value="122"/>
        <Loaded Value="True"/>
      </Unit23>
      <Unit24>
        <Filename Value="acttemplates.pas"/>
        <IsPartOfProject Value="True"/>
        <UnitName Value="acttemplates"/>
        <EditorIndex Value="18"/>
        <WindowIndex Value="1"/>
        <TopLine Value="42"/>
        <CursorPos X="29" Y="50"/>
        <UsageCount Value="71"/>
        <Loaded Value="True"/>
      </Unit24>
      <Unit25>
        <Filename Value="template.pas"/>
        <IsPartOfProject Value="True"/>
        <UnitName Value="template"/>
        <EditorIndex Value="17"/>
        <WindowIndex Value="1"/>
        <TopLine Value="1"/>
        <CursorPos X="58" Y="24"/>
        <UsageCount Value="43"/>
        <Loaded Value="True"/>
      </Unit25>
      <Unit26>
        <Filename Value="acttemplate.pas"/>
        <IsPartOfProject Value="True"/>
        <UnitName Value="acttemplate"/>
        <EditorIndex Value="19"/>
        <WindowIndex Value="1"/>
        <TopLine Value="122"/>
        <CursorPos X="66" Y="130"/>
        <UsageCount Value="42"/>
        <Loaded Value="True"/>
      </Unit26>
      <Unit27>
        <Filename Value="actpatients.pas"/>
        <IsPartOfProject Value="True"/>
        <UnitName Value="actpatients"/>
        <EditorIndex Value="20"/>
        <WindowIndex Value="1"/>
        <TopLine Value="40"/>
        <CursorPos X="29" Y="49"/>
        <UsageCount Value="45"/>
        <Loaded Value="True"/>
      </Unit27>
      <Unit28>
        <Filename Value="actaudio.pas"/>
        <IsPartOfProject Value="True"/>
        <UnitName Value="actaudio"/>
        <EditorIndex Value="4"/>
        <WindowIndex Value="1"/>
        <TopLine Value="1"/>
        <CursorPos X="6" Y="29"/>
        <UsageCount Value="23"/>
        <Loaded Value="True"/>
      </Unit28>
      <Unit29>
        <Filename Value="../../fpc/packages/fcl-web/src/base/httpdefs.pp"/>
        <UnitName Value="HTTPDefs"/>
        <EditorIndex Value="5"/>
        <WindowIndex Value="1"/>
        <TopLine Value="382"/>
        <CursorPos X="15" Y="396"/>
        <UsageCount Value="11"/>
        <Loaded Value="True"/>
      </Unit29>
      <Unit30>
        <Filename Value="../../brookframework/core/brooklogger.pas"/>
        <UnitName Value="BrookLogger"/>
        <EditorIndex Value="7"/>
        <WindowIndex Value="1"/>
        <TopLine Value="38"/>
        <CursorPos X="1" Y="1"/>
        <UsageCount Value="11"/>
        <Loaded Value="True"/>
      </Unit30>
    </Units>
    <JumpHistory Count="28" HistoryIndex="27">
      <Position1>
        <Filename Value="baseaction.pas"/>
        <Caret Line="86" Column="12" TopLine="78"/>
      </Position1>
      <Position2>
        <Filename Value="baseaction.pas"/>
        <Caret Line="101" Column="18" TopLine="90"/>
      </Position2>
      <Position3>
        <Filename Value="countries.pas"/>
        <Caret Line="49" Column="36" TopLine="42"/>
      </Position3>
      <Position4>
        <Filename Value="countries.pas"/>
        <Caret Line="44" Column="35" TopLine="34"/>
      </Position4>
      <Position5>
        <Filename Value="countries.pas"/>
        <Caret Line="64" Column="25" TopLine="55"/>
      </Position5>
      <Position6>
        <Filename Value="actlogin.pas"/>
        <Caret Line="51" Column="41" TopLine="40"/>
      </Position6>
      <Position7>
        <Filename Value="actturno.pas"/>
        <Caret Line="70" Column="13" TopLine="59"/>
      </Position7>
      <Position8>
        <Filename Value="actturnos.pas"/>
        <Caret Line="95" Column="41" TopLine="44"/>
      </Position8>
      <Position9>
        <Filename Value="actturnos.pas"/>
        <Caret Line="48" Column="29" TopLine="39"/>
      </Position9>
      <Position10>
        <Filename Value="actturnos.pas"/>
        <Caret Line="58" Column="12" TopLine="45"/>
      </Position10>
      <Position11>
        <Filename Value="actprint.pas"/>
        <Caret Line="78" Column="8" TopLine="63"/>
      </Position11>
      <Position12>
        <Filename Value="actprint.pas"/>
        <Caret Line="45" Column="39" TopLine="37"/>
      </Position12>
      <Position13>
        <Filename Value="actprint.pas"/>
        <Caret Line="82" Column="5" TopLine="73"/>
      </Position13>
      <Position14>
        <Filename Value="actuserdata.pas"/>
        <Caret Line="61" Column="53" TopLine="46"/>
      </Position14>
      <Position15>
        <Filename Value="actuserdata.pas"/>
        <Caret Line="48" Column="10" TopLine="39"/>
      </Position15>
      <Position16>
        <Filename Value="actuserdata.pas"/>
        <Caret Line="54" Column="11" TopLine="44"/>
      </Position16>
      <Position17>
        <Filename Value="acttemplate.pas"/>
        <Caret Line="104" Column="17" TopLine="99"/>
      </Position17>
      <Position18>
        <Filename Value="acttemplate.pas"/>
        <Caret Line="69" Column="13" TopLine="59"/>
      </Position18>
      <Position19>
        <Filename Value="acttemplate.pas"/>
        <Caret Line="110" Column="13" TopLine="99"/>
      </Position19>
      <Position20>
        <Filename Value="actpatients.pas"/>
        <Caret Line="41" Column="43" TopLine="30"/>
      </Position20>
      <Position21>
        <Filename Value="actaudio.pas"/>
        <Caret Line="20" Column="9" TopLine="7"/>
      </Position21>
      <Position22>
        <Filename Value="actaudio.pas"/>
        <Caret Line="21" Column="62" TopLine="9"/>
      </Position22>
      <Position23>
        <Filename Value="../../fpc/packages/fcl-web/src/base/httpdefs.pp"/>
        <Caret Line="396" Column="49" TopLine="381"/>
      </Position23>
      <Position24>
        <Filename Value="../../fpc/packages/fcl-web/src/base/httpdefs.pp"/>
        <Caret Line="506" Column="60" TopLine="490"/>
      </Position24>
      <Position25>
        <Filename Value="../../fpc/packages/fcl-web/src/base/httpdefs.pp"/>
        <Caret Line="1078" Column="39" TopLine="1060"/>
      </Position25>
      <Position26>
        <Filename Value="../../fpc/packages/fcl-web/src/base/httpdefs.pp"/>
        <Caret Line="1094" Column="13" TopLine="1078"/>
      </Position26>
      <Position27>
        <Filename Value="../../fpc/packages/fcl-web/src/base/httpdefs.pp"/>
        <Caret Line="1097" Column="12" TopLine="1081"/>
      </Position27>
      <Position28>
        <Filename Value="actaudio.pas"/>
        <Caret Line="21" Column="21" TopLine="9"/>
      </Position28>
    </JumpHistory>
  </ProjectOptions>
  <CompilerOptions>
    <Version Value="11"/>
    <Target>
      <Filename Value="tir" ApplyConventions="False"/>
    </Target>
    <SearchPaths>
      <IncludeFiles Value="$(ProjOutDir)"/>
    </SearchPaths>
    <Linking>
      <Debugging>
        <GenerateDebugInfo Value="False"/>
        <StripSymbols Value="True"/>
      </Debugging>
    </Linking>
    <Other>
      <CompilerPath Value="$(CompPath)"/>
    </Other>
  </CompilerOptions>
  <Debugging>
    <Exceptions Count="3">
      <Item1>
        <Name Value="EAbort"/>
      </Item1>
      <Item2>
        <Name Value="ECodetoolError"/>
      </Item2>
      <Item3>
        <Name Value="EFOpenError"/>
      </Item3>
    </Exceptions>
  </Debugging>
  <EditorMacros Count="0"/>
</CONFIG>
